
Microsoft Visual Studio Solution File, Format Version 12.00
# Visual Studio Version 17
VisualStudioVersion = 17.8.34330.188
MinimumVisualStudioVersion = 10.0.40219.1
Project("{FAE04EC0-301F-11D3-BF4B-00C04F79EFBC}") = "At.11", "At.11\At.11.csproj", "{63D8E8DE-7517-41B0-97A0-84AA1EBCDBF2}"
EndProject
Project("{9A19103F-16F7-4668-BE54-9A1E7A4F7556}") = "Ex-12 Try Catch", "..\..\IntroducaoC#\Ex-12 Try Catch\Ex-12 Try Catch\Ex-12 Try Catch.csproj", "{A95BAB08-6FA5-4CA4-865B-A43ABC0FE7C1}"
EndProject
Global
	GlobalSection(SolutionConfigurationPlatforms) = preSolution
		Debug|Any CPU = Debug|Any CPU
		Release|Any CPU = Release|Any CPU
	EndGlobalSection
	GlobalSection(ProjectConfigurationPlatforms) = postSolution
		{63D8E8DE-7517-41B0-97A0-84AA1EBCDBF2}.Debug|Any CPU.ActiveCfg = Debug|Any CPU
		{63D8E8DE-7517-41B0-97A0-84AA1EBCDBF2}.Debug|Any CPU.Build.0 = Debug|Any CPU
		{63D8E8DE-7517-41B0-97A0-84AA1EBCDBF2}.Release|Any CPU.ActiveCfg = Release|Any CPU
		{63D8E8DE-7517-41B0-97A0-84AA1EBCDBF2}.Release|Any CPU.Build.0 = Release|Any CPU
		{A95BAB08-6FA5-4CA4-865B-A43ABC0FE7C1}.Debug|Any CPU.ActiveCfg = Debug|Any CPU
		{A95BAB08-6FA5-4CA4-865B-A43ABC0FE7C1}.Debug|Any CPU.Build.0 = Debug|Any CPU
		{A95BAB08-6FA5-4CA4-865B-A43ABC0FE7C1}.Release|Any CPU.ActiveCfg = Release|Any CPU
		{A95BAB08-6FA5-4CA4-865B-A43ABC0FE7C1}.Release|Any CPU.Build.0 = Release|Any CPU
	EndGlobalSection
	GlobalSection(SolutionProperties) = preSolution
		HideSolutionNode = FALSE
	EndGlobalSection
	GlobalSection(ExtensibilityGlobals) = postSolution
		SolutionGuid = {3E30B767-ECB5-4960-B9F5-969FDE524BE9}
	EndGlobalSection
EndGlobal
